
Microsoft Visual Studio Solution File, Format Version 12.00
# Visual Studio Version 17
VisualStudioVersion = 17.2.32519.379
MinimumVisualStudioVersion = 10.0.40219.1
Project("{8BC9CEB8-8B4A-11D0-8D11-00A0C91BC942}") = "Part 1", "Part 1\Part 1.vcxproj", "{A15DF4B1-2A72-4228-996D-5D72201216B6}"
EndProject
Project("{8BC9CEB8-8B4A-11D0-8D11-00A0C91BC942}") = "Explicit (what is it)", "Explicit (what is it)\Explicit (what is it).vcxproj", "{E14AC5B9-9596-434B-8A76-7AC5F66BFF95}"
EndProject
Project("{8BC9CEB8-8B4A-11D0-8D11-00A0C91BC942}") = "Part 2", "..\Part 2\Part 2.vcxproj", "{58251A4E-1E27-4068-A965-CD772D1B439A}"
EndProject
Project("{8BC9CEB8-8B4A-11D0-8D11-00A0C91BC942}") = "ForTestingNew", "..\ForTestingNew\ForTestingNew.vcxproj", "{73C4EBDE-0832-4397-BA5C-1F53B716A8E5}"
EndProject
Project("{8BC9CEB8-8B4A-11D0-8D11-00A0C91BC942}") = "Part 3-4", "..\Part 3-4\Part 3-4.vcxproj", "{F168AA21-FDA2-43A4-AE12-E515D0E66F43}"
EndProject
Project("{8BC9CEB8-8B4A-11D0-8D11-00A0C91BC942}") = "Part 5", "..\Part 5\Part 5.vcxproj", "{0AC49144-7B3B-4875-966F-8AC5811B9E3C}"
EndProject
Project("{8BC9CEB8-8B4A-11D0-8D11-00A0C91BC942}") = "Containers", "..\Containers\Containers.vcxproj", "{35E2EB85-EE0C-45F9-B6AB-A766E7F3D983}"
EndProject
Project("{8BC9CEB8-8B4A-11D0-8D11-00A0C91BC942}") = "Self-control", "..\Self-control\Self-control.vcxproj", "{AB6AE04A-17E6-4CC6-A2EF-21FA17258E32}"
EndProject
Global
	GlobalSection(SolutionConfigurationPlatforms) = preSolution
		Debug|x64 = Debug|x64
		Debug|x86 = Debug|x86
		Release|x64 = Release|x64
		Release|x86 = Release|x86
	EndGlobalSection
	GlobalSection(ProjectConfigurationPlatforms) = postSolution
		{A15DF4B1-2A72-4228-996D-5D72201216B6}.Debug|x64.ActiveCfg = Debug|x64
		{A15DF4B1-2A72-4228-996D-5D72201216B6}.Debug|x64.Build.0 = Debug|x64
		{A15DF4B1-2A72-4228-996D-5D72201216B6}.Debug|x86.ActiveCfg = Debug|Win32
		{A15DF4B1-2A72-4228-996D-5D72201216B6}.Debug|x86.Build.0 = Debug|Win32
		{A15DF4B1-2A72-4228-996D-5D72201216B6}.Release|x64.ActiveCfg = Release|x64
		{A15DF4B1-2A72-4228-996D-5D72201216B6}.Release|x64.Build.0 = Release|x64
		{A15DF4B1-2A72-4228-996D-5D72201216B6}.Release|x86.ActiveCfg = Release|Win32
		{A15DF4B1-2A72-4228-996D-5D72201216B6}.Release|x86.Build.0 = Release|Win32
		{E14AC5B9-9596-434B-8A76-7AC5F66BFF95}.Debug|x64.ActiveCfg = Debug|x64
		{E14AC5B9-9596-434B-8A76-7AC5F66BFF95}.Debug|x64.Build.0 = Debug|x64
		{E14AC5B9-9596-434B-8A76-7AC5F66BFF95}.Debug|x86.ActiveCfg = Debug|Win32
		{E14AC5B9-9596-434B-8A76-7AC5F66BFF95}.Debug|x86.Build.0 = Debug|Win32
		{E14AC5B9-9596-434B-8A76-7AC5F66BFF95}.Release|x64.ActiveCfg = Release|x64
		{E14AC5B9-9596-434B-8A76-7AC5F66BFF95}.Release|x64.Build.0 = Release|x64
		{E14AC5B9-9596-434B-8A76-7AC5F66BFF95}.Release|x86.ActiveCfg = Release|Win32
		{E14AC5B9-9596-434B-8A76-7AC5F66BFF95}.Release|x86.Build.0 = Release|Win32
		{58251A4E-1E27-4068-A965-CD772D1B439A}.Debug|x64.ActiveCfg = Debug|x64
		{58251A4E-1E27-4068-A965-CD772D1B439A}.Debug|x64.Build.0 = Debug|x64
		{58251A4E-1E27-4068-A965-CD772D1B439A}.Debug|x86.ActiveCfg = Debug|Win32
		{58251A4E-1E27-4068-A965-CD772D1B439A}.Debug|x86.Build.0 = Debug|Win32
		{58251A4E-1E27-4068-A965-CD772D1B439A}.Release|x64.ActiveCfg = Release|x64
		{58251A4E-1E27-4068-A965-CD772D1B439A}.Release|x64.Build.0 = Release|x64
		{58251A4E-1E27-4068-A965-CD772D1B439A}.Release|x86.ActiveCfg = Release|Win32
		{58251A4E-1E27-4068-A965-CD772D1B439A}.Release|x86.Build.0 = Release|Win32
		{73C4EBDE-0832-4397-BA5C-1F53B716A8E5}.Debug|x64.ActiveCfg = Debug|x64
		{73C4EBDE-0832-4397-BA5C-1F53B716A8E5}.Debug|x64.Build.0 = Debug|x64
		{73C4EBDE-0832-4397-BA5C-1F53B716A8E5}.Debug|x86.ActiveCfg = Debug|Win32
		{73C4EBDE-0832-4397-BA5C-1F53B716A8E5}.Debug|x86.Build.0 = Debug|Win32
		{73C4EBDE-0832-4397-BA5C-1F53B716A8E5}.Release|x64.ActiveCfg = Release|x64
		{73C4EBDE-0832-4397-BA5C-1F53B716A8E5}.Release|x64.Build.0 = Release|x64
		{73C4EBDE-0832-4397-BA5C-1F53B716A8E5}.Release|x86.ActiveCfg = Release|Win32
		{73C4EBDE-0832-4397-BA5C-1F53B716A8E5}.Release|x86.Build.0 = Release|Win32
		{F168AA21-FDA2-43A4-AE12-E515D0E66F43}.Debug|x64.ActiveCfg = Debug|x64
		{F168AA21-FDA2-43A4-AE12-E515D0E66F43}.Debug|x64.Build.0 = Debug|x64
		{F168AA21-FDA2-43A4-AE12-E515D0E66F43}.Debug|x86.ActiveCfg = Debug|Win32
		{F168AA21-FDA2-43A4-AE12-E515D0E66F43}.Debug|x86.Build.0 = Debug|Win32
		{F168AA21-FDA2-43A4-AE12-E515D0E66F43}.Release|x64.ActiveCfg = Release|x64
		{F168AA21-FDA2-43A4-AE12-E515D0E66F43}.Release|x64.Build.0 = Release|x64
		{F168AA21-FDA2-43A4-AE12-E515D0E66F43}.Release|x86.ActiveCfg = Release|Win32
		{F168AA21-FDA2-43A4-AE12-E515D0E66F43}.Release|x86.Build.0 = Release|Win32
		{0AC49144-7B3B-4875-966F-8AC5811B9E3C}.Debug|x64.ActiveCfg = Debug|x64
		{0AC49144-7B3B-4875-966F-8AC5811B9E3C}.Debug|x64.Build.0 = Debug|x64
		{0AC49144-7B3B-4875-966F-8AC5811B9E3C}.Debug|x86.ActiveCfg = Debug|Win32
		{0AC49144-7B3B-4875-966F-8AC5811B9E3C}.Debug|x86.Build.0 = Debug|Win32
		{0AC49144-7B3B-4875-966F-8AC5811B9E3C}.Release|x64.ActiveCfg = Release|x64
		{0AC49144-7B3B-4875-966F-8AC5811B9E3C}.Release|x64.Build.0 = Release|x64
		{0AC49144-7B3B-4875-966F-8AC5811B9E3C}.Release|x86.ActiveCfg = Release|Win32
		{0AC49144-7B3B-4875-966F-8AC5811B9E3C}.Release|x86.Build.0 = Release|Win32
		{35E2EB85-EE0C-45F9-B6AB-A766E7F3D983}.Debug|x64.ActiveCfg = Debug|x64
		{35E2EB85-EE0C-45F9-B6AB-A766E7F3D983}.Debug|x64.Build.0 = Debug|x64
		{35E2EB85-EE0C-45F9-B6AB-A766E7F3D983}.Debug|x86.ActiveCfg = Debug|Win32
		{35E2EB85-EE0C-45F9-B6AB-A766E7F3D983}.Debug|x86.Build.0 = Debug|Win32
		{35E2EB85-EE0C-45F9-B6AB-A766E7F3D983}.Release|x64.ActiveCfg = Release|x64
		{35E2EB85-EE0C-45F9-B6AB-A766E7F3D983}.Release|x64.Build.0 = Release|x64
		{35E2EB85-EE0C-45F9-B6AB-A766E7F3D983}.Release|x86.ActiveCfg = Release|Win32
		{35E2EB85-EE0C-45F9-B6AB-A766E7F3D983}.Release|x86.Build.0 = Release|Win32
		{AB6AE04A-17E6-4CC6-A2EF-21FA17258E32}.Debug|x64.ActiveCfg = Debug|x64
		{AB6AE04A-17E6-4CC6-A2EF-21FA17258E32}.Debug|x64.Build.0 = Debug|x64
		{AB6AE04A-17E6-4CC6-A2EF-21FA17258E32}.Debug|x86.ActiveCfg = Debug|Win32
		{AB6AE04A-17E6-4CC6-A2EF-21FA17258E32}.Debug|x86.Build.0 = Debug|Win32
		{AB6AE04A-17E6-4CC6-A2EF-21FA17258E32}.Release|x64.ActiveCfg = Release|x64
		{AB6AE04A-17E6-4CC6-A2EF-21FA17258E32}.Release|x64.Build.0 = Release|x64
		{AB6AE04A-17E6-4CC6-A2EF-21FA17258E32}.Release|x86.ActiveCfg = Release|Win32
		{AB6AE04A-17E6-4CC6-A2EF-21FA17258E32}.Release|x86.Build.0 = Release|Win32
	EndGlobalSection
	GlobalSection(SolutionProperties) = preSolution
		HideSolutionNode = FALSE
	EndGlobalSection
	GlobalSection(ExtensibilityGlobals) = postSolution
		SolutionGuid = {DD2549C8-6138-4381-94A3-9EC71885E923}
	EndGlobalSection
EndGlobal
